
Microsoft Visual Studio Solution File, Format Version 12.00
# Visual Studio Version 16
VisualStudioVersion = 16.0.29209.62
MinimumVisualStudioVersion = 10.0.40219.1
Project("{FAE04EC0-301F-11D3-BF4B-00C04F79EFBC}") = "App02_TipoPaginaXF.UWP", "App02_TipoPaginaXF\App02_TipoPaginaXF.UWP\App02_TipoPaginaXF.UWP.csproj", "{E26C61E6-B25F-4EE9-A488-6F05E2F4A4E5}"
EndProject
Project("{FAE04EC0-301F-11D3-BF4B-00C04F79EFBC}") = "App02_TipoPaginaXF.Android", "App02_TipoPaginaXF\App02_TipoPaginaXF.Android\App02_TipoPaginaXF.Android.csproj", "{35C87C06-38FA-410B-8DCD-37E7315BB7FB}"
EndProject
Project("{FAE04EC0-301F-11D3-BF4B-00C04F79EFBC}") = "App02_TipoPaginaXF.iOS", "App02_TipoPaginaXF\App02_TipoPaginaXF.iOS\App02_TipoPaginaXF.iOS.csproj", "{8B251B33-E536-468F-9454-815281A7919F}"
EndProject
Project("{FAE04EC0-301F-11D3-BF4B-00C04F79EFBC}") = "App02_TipoPaginaXF", "App02_TipoPaginaXF\App02_TipoPaginaXF\App02_TipoPaginaXF.csproj", "{9173EEE0-7CB9-4084-A25C-8FBDD36E5508}"
EndProject
Global
	GlobalSection(SolutionConfigurationPlatforms) = preSolution
		Debug|Any CPU = Debug|Any CPU
		Debug|ARM = Debug|ARM
		Debug|iPhone = Debug|iPhone
		Debug|iPhoneSimulator = Debug|iPhoneSimulator
		Debug|x64 = Debug|x64
		Debug|x86 = Debug|x86
		Release|Any CPU = Release|Any CPU
		Release|ARM = Release|ARM
		Release|iPhone = Release|iPhone
		Release|iPhoneSimulator = Release|iPhoneSimulator
		Release|x64 = Release|x64
		Release|x86 = Release|x86
	EndGlobalSection
	GlobalSection(ProjectConfigurationPlatforms) = postSolution
		{E26C61E6-B25F-4EE9-A488-6F05E2F4A4E5}.Debug|Any CPU.ActiveCfg = Debug|x86
		{E26C61E6-B25F-4EE9-A488-6F05E2F4A4E5}.Debug|Any CPU.Build.0 = Debug|x86
		{E26C61E6-B25F-4EE9-A488-6F05E2F4A4E5}.Debug|Any CPU.Deploy.0 = Debug|x86
		{E26C61E6-B25F-4EE9-A488-6F05E2F4A4E5}.Debug|ARM.ActiveCfg = Debug|ARM
		{E26C61E6-B25F-4EE9-A488-6F05E2F4A4E5}.Debug|ARM.Build.0 = Debug|ARM
		{E26C61E6-B25F-4EE9-A488-6F05E2F4A4E5}.Debug|ARM.Deploy.0 = Debug|ARM
		{E26C61E6-B25F-4EE9-A488-6F05E2F4A4E5}.Debug|iPhone.ActiveCfg = Debug|x86
		{E26C61E6-B25F-4EE9-A488-6F05E2F4A4E5}.Debug|iPhone.Build.0 = Debug|x86
		{E26C61E6-B25F-4EE9-A488-6F05E2F4A4E5}.Debug|iPhone.Deploy.0 = Debug|x86
		{E26C61E6-B25F-4EE9-A488-6F05E2F4A4E5}.Debug|iPhoneSimulator.ActiveCfg = Debug|x86
		{E26C61E6-B25F-4EE9-A488-6F05E2F4A4E5}.Debug|iPhoneSimulator.Build.0 = Debug|x86
		{E26C61E6-B25F-4EE9-A488-6F05E2F4A4E5}.Debug|iPhoneSimulator.Deploy.0 = Debug|x86
		{E26C61E6-B25F-4EE9-A488-6F05E2F4A4E5}.Debug|x64.ActiveCfg = Debug|x64
		{E26C61E6-B25F-4EE9-A488-6F05E2F4A4E5}.Debug|x64.Build.0 = Debug|x64
		{E26C61E6-B25F-4EE9-A488-6F05E2F4A4E5}.Debug|x64.Deploy.0 = Debug|x64
		{E26C61E6-B25F-4EE9-A488-6F05E2F4A4E5}.Debug|x86.ActiveCfg = Debug|x86
		{E26C61E6-B25F-4EE9-A488-6F05E2F4A4E5}.Debug|x86.Build.0 = Debug|x86
		{E26C61E6-B25F-4EE9-A488-6F05E2F4A4E5}.Debug|x86.Deploy.0 = Debug|x86
		{E26C61E6-B25F-4EE9-A488-6F05E2F4A4E5}.Release|Any CPU.ActiveCfg = Release|x86
		{E26C61E6-B25F-4EE9-A488-6F05E2F4A4E5}.Release|Any CPU.Build.0 = Release|x86
		{E26C61E6-B25F-4EE9-A488-6F05E2F4A4E5}.Release|Any CPU.Deploy.0 = Release|x86
		{E26C61E6-B25F-4EE9-A488-6F05E2F4A4E5}.Release|ARM.ActiveCfg = Release|ARM
		{E26C61E6-B25F-4EE9-A488-6F05E2F4A4E5}.Release|ARM.Build.0 = Release|ARM
		{E26C61E6-B25F-4EE9-A488-6F05E2F4A4E5}.Release|ARM.Deploy.0 = Release|ARM
		{E26C61E6-B25F-4EE9-A488-6F05E2F4A4E5}.Release|iPhone.ActiveCfg = Release|x86
		{E26C61E6-B25F-4EE9-A488-6F05E2F4A4E5}.Release|iPhone.Build.0 = Release|x86
		{E26C61E6-B25F-4EE9-A488-6F05E2F4A4E5}.Release|iPhone.Deploy.0 = Release|x86
		{E26C61E6-B25F-4EE9-A488-6F05E2F4A4E5}.Release|iPhoneSimulator.ActiveCfg = Release|x86
		{E26C61E6-B25F-4EE9-A488-6F05E2F4A4E5}.Release|iPhoneSimulator.Build.0 = Release|x86
		{E26C61E6-B25F-4EE9-A488-6F05E2F4A4E5}.Release|iPhoneSimulator.Deploy.0 = Release|x86
		{E26C61E6-B25F-4EE9-A488-6F05E2F4A4E5}.Release|x64.ActiveCfg = Release|x64
		{E26C61E6-B25F-4EE9-A488-6F05E2F4A4E5}.Release|x64.Build.0 = Release|x64
		{E26C61E6-B25F-4EE9-A488-6F05E2F4A4E5}.Release|x64.Deploy.0 = Release|x64
		{E26C61E6-B25F-4EE9-A488-6F05E2F4A4E5}.Release|x86.ActiveCfg = Release|x86
		{E26C61E6-B25F-4EE9-A488-6F05E2F4A4E5}.Release|x86.Build.0 = Release|x86
		{E26C61E6-B25F-4EE9-A488-6F05E2F4A4E5}.Release|x86.Deploy.0 = Release|x86
		{35C87C06-38FA-410B-8DCD-37E7315BB7FB}.Debug|Any CPU.ActiveCfg = Debug|Any CPU
		{35C87C06-38FA-410B-8DCD-37E7315BB7FB}.Debug|Any CPU.Build.0 = Debug|Any CPU
		{35C87C06-38FA-410B-8DCD-37E7315BB7FB}.Debug|Any CPU.Deploy.0 = Debug|Any CPU
		{35C87C06-38FA-410B-8DCD-37E7315BB7FB}.Debug|ARM.ActiveCfg = Debug|Any CPU
		{35C87C06-38FA-410B-8DCD-37E7315BB7FB}.Debug|ARM.Build.0 = Debug|Any CPU
		{35C87C06-38FA-410B-8DCD-37E7315BB7FB}.Debug|ARM.Deploy.0 = Debug|Any CPU
		{35C87C06-38FA-410B-8DCD-37E7315BB7FB}.Debug|iPhone.ActiveCfg = Debug|Any CPU
		{35C87C06-38FA-410B-8DCD-37E7315BB7FB}.Debug|iPhone.Build.0 = Debug|Any CPU
		{35C87C06-38FA-410B-8DCD-37E7315BB7FB}.Debug|iPhone.Deploy.0 = Debug|Any CPU
		{35C87C06-38FA-410B-8DCD-37E7315BB7FB}.Debug|iPhoneSimulator.ActiveCfg = Debug|Any CPU
		{35C87C06-38FA-410B-8DCD-37E7315BB7FB}.Debug|iPhoneSimulator.Build.0 = Debug|Any CPU
		{35C87C06-38FA-410B-8DCD-37E7315BB7FB}.Debug|iPhoneSimulator.Deploy.0 = Debug|Any CPU
		{35C87C06-38FA-410B-8DCD-37E7315BB7FB}.Debug|x64.ActiveCfg = Debug|Any CPU
		{35C87C06-38FA-410B-8DCD-37E7315BB7FB}.Debug|x64.Build.0 = Debug|Any CPU
		{35C87C06-38FA-410B-8DCD-37E7315BB7FB}.Debug|x64.Deploy.0 = Debug|Any CPU
		{35C87C06-38FA-410B-8DCD-37E7315BB7FB}.Debug|x86.ActiveCfg = Debug|Any CPU
		{35C87C06-38FA-410B-8DCD-37E7315BB7FB}.Debug|x86.Build.0 = Debug|Any CPU
		{35C87C06-38FA-410B-8DCD-37E7315BB7FB}.Debug|x86.Deploy.0 = Debug|Any CPU
		{35C87C06-38FA-410B-8DCD-37E7315BB7FB}.Release|Any CPU.ActiveCfg = Release|Any CPU
		{35C87C06-38FA-410B-8DCD-37E7315BB7FB}.Release|Any CPU.Build.0 = Release|Any CPU
		{35C87C06-38FA-410B-8DCD-37E7315BB7FB}.Release|Any CPU.Deploy.0 = Release|Any CPU
		{35C87C06-38FA-410B-8DCD-37E7315BB7FB}.Release|ARM.ActiveCfg = Release|Any CPU
		{35C87C06-38FA-410B-8DCD-37E7315BB7FB}.Release|ARM.Build.0 = Release|Any CPU
		{35C87C06-38FA-410B-8DCD-37E7315BB7FB}.Release|ARM.Deploy.0 = Release|Any CPU
		{35C87C06-38FA-410B-8DCD-37E7315BB7FB}.Release|iPhone.ActiveCfg = Release|Any CPU
		{35C87C06-38FA-410B-8DCD-37E7315BB7FB}.Release|iPhone.Build.0 = Release|Any CPU
		{35C87C06-38FA-410B-8DCD-37E7315BB7FB}.Release|iPhone.Deploy.0 = Release|Any CPU
		{35C87C06-38FA-410B-8DCD-37E7315BB7FB}.Release|iPhoneSimulator.ActiveCfg = Release|Any CPU
		{35C87C06-38FA-410B-8DCD-37E7315BB7FB}.Release|iPhoneSimulator.Build.0 = Release|Any CPU
		{35C87C06-38FA-410B-8DCD-37E7315BB7FB}.Release|iPhoneSimulator.Deploy.0 = Release|Any CPU
		{35C87C06-38FA-410B-8DCD-37E7315BB7FB}.Release|x64.ActiveCfg = Release|Any CPU
		{35C87C06-38FA-410B-8DCD-37E7315BB7FB}.Release|x64.Build.0 = Release|Any CPU
		{35C87C06-38FA-410B-8DCD-37E7315BB7FB}.Release|x64.Deploy.0 = Release|Any CPU
		{35C87C06-38FA-410B-8DCD-37E7315BB7FB}.Release|x86.ActiveCfg = Release|Any CPU
		{35C87C06-38FA-410B-8DCD-37E7315BB7FB}.Release|x86.Build.0 = Release|Any CPU
		{35C87C06-38FA-410B-8DCD-37E7315BB7FB}.Release|x86.Deploy.0 = Release|Any CPU
		{8B251B33-E536-468F-9454-815281A7919F}.Debug|Any CPU.ActiveCfg = Debug|iPhone
		{8B251B33-E536-468F-9454-815281A7919F}.Debug|Any CPU.Build.0 = Debug|iPhone
		{8B251B33-E536-468F-9454-815281A7919F}.Debug|Any CPU.Deploy.0 = Debug|iPhone
		{8B251B33-E536-468F-9454-815281A7919F}.Debug|ARM.ActiveCfg = Debug|iPhoneSimulator
		{8B251B33-E536-468F-9454-815281A7919F}.Debug|ARM.Build.0 = Debug|iPhoneSimulator
		{8B251B33-E536-468F-9454-815281A7919F}.Debug|ARM.Deploy.0 = Debug|iPhoneSimulator
		{8B251B33-E536-468F-9454-815281A7919F}.Debug|iPhone.ActiveCfg = Debug|iPhone
		{8B251B33-E536-468F-9454-815281A7919F}.Debug|iPhone.Build.0 = Debug|iPhone
		{8B251B33-E536-468F-9454-815281A7919F}.Debug|iPhone.Deploy.0 = Debug|iPhone
		{8B251B33-E536-468F-9454-815281A7919F}.Debug|iPhoneSimulator.ActiveCfg = Debug|iPhoneSimulator
		{8B251B33-E536-468F-9454-815281A7919F}.Debug|iPhoneSimulator.Build.0 = Debug|iPhoneSimulator
		{8B251B33-E536-468F-9454-815281A7919F}.Debug|iPhoneSimulator.Deploy.0 = Debug|iPhoneSimulator
		{8B251B33-E536-468F-9454-815281A7919F}.Debug|x64.ActiveCfg = Debug|iPhone
		{8B251B33-E536-468F-9454-815281A7919F}.Debug|x64.Build.0 = Debug|iPhone
		{8B251B33-E536-468F-9454-815281A7919F}.Debug|x64.Deploy.0 = Debug|iPhone
		{8B251B33-E536-468F-9454-815281A7919F}.Debug|x86.ActiveCfg = Debug|iPhone
		{8B251B33-E536-468F-9454-815281A7919F}.Debug|x86.Build.0 = Debug|iPhone
		{8B251B33-E536-468F-9454-815281A7919F}.Debug|x86.Deploy.0 = Debug|iPhone
		{8B251B33-E536-468F-9454-815281A7919F}.Release|Any CPU.ActiveCfg = Release|iPhone
		{8B251B33-E536-468F-9454-815281A7919F}.Release|Any CPU.Build.0 = Release|iPhone
		{8B251B33-E536-468F-9454-815281A7919F}.Release|Any CPU.Deploy.0 = Release|iPhone
		{8B251B33-E536-468F-9454-815281A7919F}.Release|ARM.ActiveCfg = Release|iPhone
		{8B251B33-E536-468F-9454-815281A7919F}.Release|ARM.Build.0 = Release|iPhone
		{8B251B33-E536-468F-9454-815281A7919F}.Release|ARM.Deploy.0 = Release|iPhone
		{8B251B33-E536-468F-9454-815281A7919F}.Release|iPhone.ActiveCfg = Release|iPhone
		{8B251B33-E536-468F-9454-815281A7919F}.Release|iPhone.Build.0 = Release|iPhone
		{8B251B33-E536-468F-9454-815281A7919F}.Release|iPhone.Deploy.0 = Release|iPhone
		{8B251B33-E536-468F-9454-815281A7919F}.Release|iPhoneSimulator.ActiveCfg = Release|iPhoneSimulator
		{8B251B33-E536-468F-9454-815281A7919F}.Release|iPhoneSimulator.Build.0 = Release|iPhoneSimulator
		{8B251B33-E536-468F-9454-815281A7919F}.Release|iPhoneSimulator.Deploy.0 = Release|iPhoneSimulator
		{8B251B33-E536-468F-9454-815281A7919F}.Release|x64.ActiveCfg = Release|iPhone
		{8B251B33-E536-468F-9454-815281A7919F}.Release|x64.Build.0 = Release|iPhone
		{8B251B33-E536-468F-9454-815281A7919F}.Release|x64.Deploy.0 = Release|iPhone
		{8B251B33-E536-468F-9454-815281A7919F}.Release|x86.ActiveCfg = Release|iPhone
		{8B251B33-E536-468F-9454-815281A7919F}.Release|x86.Build.0 = Release|iPhone
		{8B251B33-E536-468F-9454-815281A7919F}.Release|x86.Deploy.0 = Release|iPhone
		{9173EEE0-7CB9-4084-A25C-8FBDD36E5508}.Debug|Any CPU.ActiveCfg = Debug|Any CPU
		{9173EEE0-7CB9-4084-A25C-8FBDD36E5508}.Debug|Any CPU.Build.0 = Debug|Any CPU
		{9173EEE0-7CB9-4084-A25C-8FBDD36E5508}.Debug|Any CPU.Deploy.0 = Debug|Any CPU
		{9173EEE0-7CB9-4084-A25C-8FBDD36E5508}.Debug|ARM.ActiveCfg = Debug|Any CPU
		{9173EEE0-7CB9-4084-A25C-8FBDD36E5508}.Debug|ARM.Build.0 = Debug|Any CPU
		{9173EEE0-7CB9-4084-A25C-8FBDD36E5508}.Debug|ARM.Deploy.0 = Debug|Any CPU
		{9173EEE0-7CB9-4084-A25C-8FBDD36E5508}.Debug|iPhone.ActiveCfg = Debug|Any CPU
		{9173EEE0-7CB9-4084-A25C-8FBDD36E5508}.Debug|iPhone.Build.0 = Debug|Any CPU
		{9173EEE0-7CB9-4084-A25C-8FBDD36E5508}.Debug|iPhone.Deploy.0 = Debug|Any CPU
		{9173EEE0-7CB9-4084-A25C-8FBDD36E5508}.Debug|iPhoneSimulator.ActiveCfg = Debug|Any CPU
		{9173EEE0-7CB9-4084-A25C-8FBDD36E5508}.Debug|iPhoneSimulator.Build.0 = Debug|Any CPU
		{9173EEE0-7CB9-4084-A25C-8FBDD36E5508}.Debug|iPhoneSimulator.Deploy.0 = Debug|Any CPU
		{9173EEE0-7CB9-4084-A25C-8FBDD36E5508}.Debug|x64.ActiveCfg = Debug|Any CPU
		{9173EEE0-7CB9-4084-A25C-8FBDD36E5508}.Debug|x64.Build.0 = Debug|Any CPU
		{9173EEE0-7CB9-4084-A25C-8FBDD36E5508}.Debug|x64.Deploy.0 = Debug|Any CPU
		{9173EEE0-7CB9-4084-A25C-8FBDD36E5508}.Debug|x86.ActiveCfg = Debug|Any CPU
		{9173EEE0-7CB9-4084-A25C-8FBDD36E5508}.Debug|x86.Build.0 = Debug|Any CPU
		{9173EEE0-7CB9-4084-A25C-8FBDD36E5508}.Debug|x86.Deploy.0 = Debug|Any CPU
		{9173EEE0-7CB9-4084-A25C-8FBDD36E5508}.Release|Any CPU.ActiveCfg = Release|Any CPU
		{9173EEE0-7CB9-4084-A25C-8FBDD36E5508}.Release|Any CPU.Build.0 = Release|Any CPU
		{9173EEE0-7CB9-4084-A25C-8FBDD36E5508}.Release|Any CPU.Deploy.0 = Release|Any CPU
		{9173EEE0-7CB9-4084-A25C-8FBDD36E5508}.Release|ARM.ActiveCfg = Release|Any CPU
		{9173EEE0-7CB9-4084-A25C-8FBDD36E5508}.Release|ARM.Build.0 = Release|Any CPU
		{9173EEE0-7CB9-4084-A25C-8FBDD36E5508}.Release|ARM.Deploy.0 = Release|Any CPU
		{9173EEE0-7CB9-4084-A25C-8FBDD36E5508}.Release|iPhone.ActiveCfg = Release|Any CPU
		{9173EEE0-7CB9-4084-A25C-8FBDD36E5508}.Release|iPhone.Build.0 = Release|Any CPU
		{9173EEE0-7CB9-4084-A25C-8FBDD36E5508}.Release|iPhone.Deploy.0 = Release|Any CPU
		{9173EEE0-7CB9-4084-A25C-8FBDD36E5508}.Release|iPhoneSimulator.ActiveCfg = Release|Any CPU
		{9173EEE0-7CB9-4084-A25C-8FBDD36E5508}.Release|iPhoneSimulator.Build.0 = Release|Any CPU
		{9173EEE0-7CB9-4084-A25C-8FBDD36E5508}.Release|iPhoneSimulator.Deploy.0 = Release|Any CPU
		{9173EEE0-7CB9-4084-A25C-8FBDD36E5508}.Release|x64.ActiveCfg = Release|Any CPU
		{9173EEE0-7CB9-4084-A25C-8FBDD36E5508}.Release|x64.Build.0 = Release|Any CPU
		{9173EEE0-7CB9-4084-A25C-8FBDD36E5508}.Release|x64.Deploy.0 = Release|Any CPU
		{9173EEE0-7CB9-4084-A25C-8FBDD36E5508}.Release|x86.ActiveCfg = Release|Any CPU
		{9173EEE0-7CB9-4084-A25C-8FBDD36E5508}.Release|x86.Build.0 = Release|Any CPU
		{9173EEE0-7CB9-4084-A25C-8FBDD36E5508}.Release|x86.Deploy.0 = Release|Any CPU
	EndGlobalSection
	GlobalSection(SolutionProperties) = preSolution
		HideSolutionNode = FALSE
	EndGlobalSection
	GlobalSection(ExtensibilityGlobals) = postSolution
		SolutionGuid = {056F5207-DD4F-469F-9745-C0E37DD94A7D}
	EndGlobalSection
EndGlobal
